<?xml version="1.0" encoding="utf-8"?>
<Project ToolsVersion="4.0" xmlns="http://schemas.microsoft.com/developer/msbuild/2003">
  <ItemGroup>
    <Filter Include="Source Files">
      <UniqueIdentifier>{4FC737F1-C7A5-4376-A066-2A32D752A2FF}</UniqueIdentifier>
      <Extensions>cpp;c;cc;cxx;c++;cppm;ixx;def;odl;idl;hpj;bat;asm;asmx</Extensions>
    </Filter>
    <Filter Include="Header Files">
      <UniqueIdentifier>{93995380-89BD-4b04-88EB-625FBE52EBFB}</UniqueIdentifier>
      <Extensions>h;hh;hpp;hxx;h++;hm;inl;inc;ipp;xsd</Extensions>
    </Filter>
    <Filter Include="Resource Files">
      <UniqueIdentifier>{67DA6AB6-F800-4c08-8B7A-83BB121AAD01}</UniqueIdentifier>
      <Extensions>rc;ico;cur;bmp;dlg;rc2;rct;bin;rgs;gif;jpg;jpeg;jpe;resx;tiff;tif;png;wav;mfcribbon-ms</Extensions>
    </Filter>
    <Filter Include="Header Files\Base Classes">
      <UniqueIdentifier>{f704d232-d392-4249-a8ef-386a07cd2644}</UniqueIdentifier>
    </Filter>
    <Filter Include="Header Files\Objects">
      <UniqueIdentifier>{95e964d8-e35f-4772-839c-5932288ee014}</UniqueIdentifier>
    </Filter>
    <Filter Include="Header Files\Components">
      <UniqueIdentifier>{3e1b6b16-4dd6-4976-be55-c114c73b0a67}</UniqueIdentifier>
    </Filter>
    <Filter Include="Source Files\Base Classes">
      <UniqueIdentifier>{5b29f969-8adf-41f4-9c77-8fa94c851d60}</UniqueIdentifier>
    </Filter>
    <Filter Include="Source Files\Components">
      <UniqueIdentifier>{5671f922-2c30-4c84-a989-3231e3f6dfca}</UniqueIdentifier>
    </Filter>
    <Filter Include="Source Files\Objects">
      <UniqueIdentifier>{ff371f22-a1cc-4ac3-a02e-7b3dd9750c5f}</UniqueIdentifier>
    </Filter>
    <Filter Include="Header Files\Mech Modules">
      <UniqueIdentifier>{bc23be8a-c13f-4ee1-a438-85dd8db7336c}</UniqueIdentifier>
    </Filter>
    <Filter Include="Source Files\Mech Modules">
      <UniqueIdentifier>{b7b5e406-ca79-4f9b-8a64-58d80b929ea6}</UniqueIdentifier>
    </Filter>
  </ItemGroup>
  <ItemGroup>
    <ClCompile Include="Main.cpp">
      <Filter>Source Files</Filter>
    </ClCompile>
    <ClCompile Include="Game.cpp">
      <Filter>Source Files</Filter>
    </ClCompile>
    <ClCompile Include="AudioDirector.cpp">
      <Filter>Source Files</Filter>
    </ClCompile>
    <ClCompile Include="SphereColliderComp.cpp">
      <Filter>Source Files\Components</Filter>
    </ClCompile>
    <ClCompile Include="PhysicsComp.cpp">
      <Filter>Source Files\Components</Filter>
    </ClCompile>
    <ClCompile Include="SystemsComp.cpp">
      <Filter>Source Files\Components</Filter>
    </ClCompile>
    <ClCompile Include="UIComp.cpp">
      <Filter>Source Files\Components</Filter>
    </ClCompile>
    <ClCompile Include="Object.cpp">
      <Filter>Source Files\Base Classes</Filter>
    </ClCompile>
    <ClCompile Include="Component.cpp">
      <Filter>Source Files\Base Classes</Filter>
    </ClCompile>
    <ClCompile Include="ObstacleObj.cpp">
      <Filter>Source Files\Objects</Filter>
    </ClCompile>
    <ClCompile Include="ProjectileObj.cpp">
      <Filter>Source Files\Objects</Filter>
    </ClCompile>
    <ClCompile Include="Player.cpp">
      <Filter>Source Files\Objects</Filter>
    </ClCompile>
    <ClCompile Include="MechModule.cpp">
      <Filter>Source Files\Base Classes</Filter>
    </ClCompile>
    <ClCompile Include="SolidBodyComp.cpp">
      <Filter>Source Files\Components</Filter>
    </ClCompile>
    <ClCompile Include="RCSMod.cpp">
      <Filter>Source Files\Mech Modules</Filter>
    </ClCompile>
    <ClCompile Include="ThrusterMod.cpp">
      <Filter>Source Files\Mech Modules</Filter>
    </ClCompile>
    <ClCompile Include="ContainerMod.cpp">
      <Filter>Source Files\Mech Modules</Filter>
    </ClCompile>
    <ClCompile Include="PilotSeat.cpp">
      <Filter>Source Files</Filter>
    </ClCompile>
  </ItemGroup>
  <ItemGroup>
    <ClInclude Include="Game.h">
      <Filter>Header Files</Filter>
    </ClInclude>
    <ClInclude Include="AudioDirector.h">
      <Filter>Header Files</Filter>
    </ClInclude>
    <ClInclude Include="Object.h">
      <Filter>Header Files\Base Classes</Filter>
    </ClInclude>
    <ClInclude Include="Component.h">
      <Filter>Header Files\Base Classes</Filter>
    </ClInclude>
    <ClInclude Include="SphereColliderComp.h">
      <Filter>Header Files\Components</Filter>
    </ClInclude>
    <ClInclude Include="PhysicsComp.h">
      <Filter>Header Files\Components</Filter>
    </ClInclude>
    <ClInclude Include="SystemsComp.h">
      <Filter>Header Files\Components</Filter>
    </ClInclude>
    <ClInclude Include="Player.h">
      <Filter>Header Files\Objects</Filter>
    </ClInclude>
    <ClInclude Include="ObstacleObj.h">
      <Filter>Header Files\Objects</Filter>
    </ClInclude>
    <ClInclude Include="ProjectileObj.h">
      <Filter>Header Files\Objects</Filter>
    </ClInclude>
    <ClInclude Include="MechModule.h">
      <Filter>Header Files\Base Classes</Filter>
    </ClInclude>
    <ClInclude Include="UIComp.h">
      <Filter>Header Files\Components</Filter>
    </ClInclude>
    <ClInclude Include="SolidBodyComp.h">
      <Filter>Header Files\Components</Filter>
    </ClInclude>
    <ClInclude Include="ThrusterMod.h">
      <Filter>Header Files\Mech Modules</Filter>
    </ClInclude>
    <ClInclude Include="RCSMod.h">
      <Filter>Header Files\Mech Modules</Filter>
    </ClInclude>
    <ClInclude Include="ContainerMod.h">
      <Filter>Header Files\Mech Modules</Filter>
    </ClInclude>
    <ClInclude Include="PilotSeat.h">
      <Filter>Header Files</Filter>
    </ClInclude>
  </ItemGroup>
</Project>